// !$*UTF8*$!
{
	archiveVersion = 1;
	classes = {
	};
	objectVersion = 46;
	objects = {

/* Begin PBXBuildFile section */
		251A36311C7B419500999BA0 /* AppDelegate.swift in Sources */ = {isa = PBXBuildFile; fileRef = 251A36301C7B419500999BA0 /* AppDelegate.swift */; };
		251A36331C7B419500999BA0 /* ViewController.swift in Sources */ = {isa = PBXBuildFile; fileRef = 251A36321C7B419500999BA0 /* ViewController.swift */; };
		251A36361C7B419500999BA0 /* Main.storyboard in Resources */ = {isa = PBXBuildFile; fileRef = 251A36341C7B419500999BA0 /* Main.storyboard */; };
		251A36381C7B419500999BA0 /* Assets.xcassets in Resources */ = {isa = PBXBuildFile; fileRef = 251A36371C7B419500999BA0 /* Assets.xcassets */; };
		251A363B1C7B419500999BA0 /* LaunchScreen.storyboard in Resources */ = {isa = PBXBuildFile; fileRef = 251A36391C7B419500999BA0 /* LaunchScreen.storyboard */; };
		251A36431C7B63AE00999BA0 /* ImageViewController.swift in Sources */ = {isa = PBXBuildFile; fileRef = 251A36421C7B63AE00999BA0 /* ImageViewController.swift */; };
/* End PBXBuildFile section */

/* Begin PBXFileReference section */
		251A362D1C7B419500999BA0 /* SlideshowApp.app */ = {isa = PBXFileReference; explicitFileType = wrapper.application; includeInIndex = 0; path = SlideshowApp.app; sourceTree = BUILT_PRODUCTS_DIR; };
		251A36301C7B419500999BA0 /* AppDelegate.swift */ = {isa = PBXFileReference; lastKnownFileType = sourcecode.swift; path = AppDelegate.swift; sourceTree = "<group>"; };
		251A36321C7B419500999BA0 /* ViewController.swift */ = {isa = PBXFileReference; lastKnownFileType = sourcecode.swift; path = ViewController.swift; sourceTree = "<group>"; };
		251A36351C7B419500999BA0 /* Base */ = {isa = PBXFileReference; lastKnownFileType = file.storyboard; name = Base; path = Base.lproj/Main.storyboard; sourceTree = "<group>"; };
		251A36371C7B419500999BA0 /* Assets.xcassets */ = {isa = PBXFileReference; lastKnownFileType = folder.assetcatalog; path = Assets.xcassets; sourceTree = "<group>"; };
		251A363A1C7B419500999BA0 /* Base */ = {isa = PBXFileReference; lastKnownFileType = file.storyboard; name = Base; path = Base.lproj/LaunchScreen.storyboard; sourceTree = "<group>"; };
		251A363C1C7B419500999BA0 /* Info.plist */ = {isa = PBXFileReference; lastKnownFileType = text.plist.xml; path = Info.plist; sourceTree = "<group>"; };
		251A36421C7B63AE00999BA0 /* ImageViewController.swift */ = {isa = PBXFileReference; fileEncoding = 4; lastKnownFileType = sourcecode.swift; path = ImageViewController.swift; sourceTree = "<group>"; };
/* End PBXFileReference section */

/* Begin PBXFrameworksBuildPhase section */
		251A362A1C7B419500999BA0 /* Frameworks */ = {
			isa = PBXFrameworksBuildPhase;
			buildActionMask = 2147483647;
			files = (
			);
			runOnlyForDeploymentPostprocessing = 0;
		};
/* End PBXFrameworksBuildPhase section */

/* Begin PBXGroup section */
		251A36241C7B419500999BA0 = {
			isa = PBXGroup;
			children = (
				251A362F1C7B419500999BA0 /* SlideshowApp */,
				251A362E1C7B419500999BA0 /* Products */,
			);
			sourceTree = "<group>";
		};
		251A362E1C7B419500999BA0 /* Products */ = {
			isa = PBXGroup;
			children = (
				251A362D1C7B419500999BA0 /* SlideshowApp.app */,
			);
			name = Products;
			sourceTree = "<group>";
		};
		251A362F1C7B419500999BA0 /* SlideshowApp */ = {
			isa = PBXGroup;
			children = (
				251A36301C7B419500999BA0 /* AppDelegate.swift */,
				251A36321C7B419500999BA0 /* ViewController.swift */,
				251A36341C7B419500999BA0 /* Main.storyboard */,
				251A36421C7B63AE00999BA0 /* ImageViewController.swift */,
				251A36371C7B419500999BA0 /* Assets.xcassets */,
				251A36391C7B419500999BA0 /* LaunchScreen.storyboard */,
				251A363C1C7B419500999BA0 /* Info.plist */,
			);
			path = SlideshowApp;
			sourceTree = "<group>";
		};
/* End PBXGroup section */

/* Begin PBXNativeTarget section */
		251A362C1C7B419500999BA0 /* SlideshowApp */ = {
			isa = PBXNativeTarget;
			buildConfigurationList = 251A363F1C7B419500999BA0 /* Build configuration list for PBXNativeTarget "SlideshowApp" */;
			buildPhases = (
				251A36291C7B419500999BA0 /* Sources */,
				251A362A1C7B419500999BA0 /* Frameworks */,
				251A362B1C7B419500999BA0 /* Resources */,
			);
			buildRules = (
			);
			dependencies = (
			);
			name = SlideshowApp;
			productName = SlideshowApp;
			productReference = 251A362D1C7B419500999BA0 /* SlideshowApp.app */;
			productType = "com.apple.product-type.application";
		};
/* End PBXNativeTarget section */

/* Begin PBXProject section */
		251A36251C7B419500999BA0 /* Project object */ = {
			isa = PBXProject;
			attributes = {
				LastSwiftUpdateCheck = 0720;
				LastUpgradeCheck = 0720;
				ORGANIZATIONNAME = Takahiro.Kawakami;
				TargetAttributes = {
					251A362C1C7B419500999BA0 = {
						CreatedOnToolsVersion = 7.2.1;
						DevelopmentTeam = U8MQ6LB5BH;
					};
				};
			};
			buildConfigurationList = 251A36281C7B419500999BA0 /* Build configuration list for PBXProject "SlideshowApp" */;
			compatibilityVersion = "Xcode 3.2";
			developmentRegion = English;
			hasScannedForEncodings = 0;
			knownRegions = (
				en,
				Base,
			);
			mainGroup = 251A36241C7B419500999BA0;
			productRefGroup = 251A362E1C7B419500999BA0 /* Products */;
			projectDirPath = "";
			projectRoot = "";
			targets = (
				251A362C1C7B419500999BA0 /* SlideshowApp */,
			);
		};
/* End PBXProject section */

/* Begin PBXResourcesBuildPhase section */
		251A362B1C7B419500999BA0 /* Resources */ = {
			isa = PBXResourcesBuildPhase;
			buildActionMask = 2147483647;
			files = (
				251A363B1C7B419500999BA0 /* LaunchScreen.storyboard in Resources */,
				251A36381C7B419500999BA0 /* Assets.xcassets in Resources */,
				251A36361C7B419500999BA0 /* Main.storyboard in Resources */,
			);
			runOnlyForDeploymentPostprocessing = 0;
		};
/* End PBXResourcesBuildPhase section */

/* Begin PBXSourcesBuildPhase section */
		251A36291C7B419500999BA0 /* Sources */ = {
			isa = PBXSourcesBuildPhase;
			buildActionMask = 2147483647;
			files = (
				251A36431C7B63AE00999BA0 /* ImageViewController.swift in Sources */,
				251A36331C7B419500999BA0 /* ViewController.swift in Sources */,
				251A36311C7B419500999BA0 /* AppDelegate.swift in Sources */,
			);
			runOnlyForDeploymentPostprocessing = 0;
		};
/* End PBXSourcesBuildPhase section */

/* Begin PBXVariantGroup section */
		251A36341C7B419500999BA0 /* Main.storyboard */ = {
			isa = PBXVariantGroup;
			children = (
				251A36351C7B419500999BA0 /* Base */,
			);
			name = Main.storyboard;
			sourceTree = "<group>";
		};
		251A36391C7B419500999BA0 /* LaunchScreen.storyboard */ = {
			isa = PBXVariantGroup;
			children = (
				251A363A1C7B419500999BA0 /* Base */,
			);
			name = LaunchScreen.storyboard;
			sourceTree = "<group>";
		};
/* End PBXVariantGroup section */

/* Begin XCBuildConfiguration section */
		251A363D1C7B419500999BA0 /* Debug */ = {
			isa = XCBuildConfiguration;
			buildSettings = {
				ALWAYS_SEARCH_USER_PATHS = NO;
				CLANG_CXX_LANGUAGE_STANDARD = "gnu++0x";
				CLANG_CXX_LIBRARY = "libc++";
				CLANG_ENABLE_MODULES = YES;
				CLANG_ENABLE_OBJC_ARC = YES;
				CLANG_WARN_BOOL_CONVERSION = YES;
				CLANG_WARN_CONSTANT_CONVERSION = YES;
				CLANG_WARN_DIRECT_OBJC_ISA_USAGE = YES_ERROR;
				CLANG_WARN_EMPTY_BODY = YES;
				CLANG_WARN_ENUM_CONVERSION = YES;
				CLANG_WARN_INT_CONVERSION = YES;
				CLANG_WARN_OBJC_ROOT_CLASS = YES_ERROR;
				CLANG_WARN_UNREACHABLE_CODE = YES;
				CLANG_WARN__DUPLICATE_METHOD_MATCH = YES;
				"CODE_SIGN_IDENTITY[sdk=iphoneos*]" = "iPhone Developer";
				COPY_PHASE_STRIP = NO;
				DEBUG_INFORMATION_FORMAT = dwarf;
				ENABLE_STRICT_OBJC_MSGSEND = YES;
				ENABLE_TESTABILITY = YES;
				GCC_C_LANGUAGE_STANDARD = gnu99;
				GCC_DYNAMIC_NO_PIC = NO;
				GCC_NO_COMMON_BLOCKS = YES;
				GCC_OPTIMIZATION_LEVEL = 0;
				GCC_PREPROCESSOR_DEFINITIONS = (
					"DEBUG=1",
					"$(inherited)",
				);
				GCC_WARN_64_TO_32_BIT_CONVERSION = YES;
				GCC_WARN_ABOUT_RETURN_TYPE = YES_ERROR;
				GCC_WARN_UNDECLARED_SELECTOR = YES;
				GCC_WARN_UNINITIALIZED_AUTOS = YES_AGGRESSIVE;
				GCC_WARN_UNUSED_FUNCTION = YES;
				GCC_WARN_UNUSED_VARIABLE = YES;
				IPHONEOS_DEPLOYMENT_TARGET = 9.2;
				MTL_ENABLE_DEBUG_INFO = YES;
				ONLY_ACTIVE_ARCH = YES;
				SDKROOT = iphoneos;
				SWIFT_OPTIMIZATION_LEVEL = "-Onone";
			};
			name = Debug;
		};
		251A363E1C7B419500999BA0 /* Release */ = {
			isa = XCBuildConfiguration;
			buildSettings = {
				ALWAYS_SEARCH_USER_PATHS = NO;
				CLANG_CXX_LANGUAGE_STANDARD = "gnu++0x";
				CLANG_CXX_LIBRARY = "libc++";
				CLANG_ENABLE_MODULES = YES;
				CLANG_ENABLE_OBJC_ARC = YES;
				CLANG_WARN_BOOL_CONVERSION = YES;
				CLANG_WARN_CONSTANT_CONVERSION = YES;
				CLANG_WARN_DIRECT_OBJC_ISA_USAGE = YES_ERROR;
				CLANG_WARN_EMPTY_BODY = YES;
				CLANG_WARN_ENUM_CONVERSION = YES;
				CLANG_WARN_INT_CONVERSION = YES;
				CLANG_WARN_OBJC_ROOT_CLASS = YES_ERROR;
				CLANG_WARN_UNREACHABLE_CODE = YES;
				CLANG_WARN__DUPLICATE_METHOD_MATCH = YES;
				"CODE_SIGN_IDENTITY[sdk=iphoneos*]" = "iPhone Developer";
				COPY_PHASE_STRIP = NO;
				DEBUG_INFORMATION_FORMAT = "dwarf-with-dsym";
				ENABLE_NS_ASSERTIONS = NO;
				ENABLE_STRICT_OBJC_MSGSEND = YES;
				GCC_C_LANGUAGE_STANDARD = gnu99;
				GCC_NO_COMMON_BLOCKS = YES;
				GCC_WARN_64_TO_32_BIT_CONVERSION = YES;
				GCC_WARN_ABOUT_RETURN_TYPE = YES_ERROR;
				GCC_WARN_UNDECLARED_SELECTOR = YES;
				GCC_WARN_UNINITIALIZED_AUTOS = YES_AGGRESSIVE;
				GCC_WARN_UNUSED_FUNCTION = YES;
				GCC_WARN_UNUSED_VARIABLE = YES;
				IPHONEOS_DEPLOYMENT_TARGET = 9.2;
				MTL_ENABLE_DEBUG_INFO = NO;
				SDKROOT = iphoneos;
				VALIDATE_PRODUCT = YES;
			};
			name = Release;
		};
		251A36401C7B419500999BA0 /* Debug */ = {
			isa = XCBuildConfiguration;
			buildSettings = {
				ASSETCATALOG_COMPILER_APPICON_NAME = AppIcon;
				INFOPLIST_FILE = SlideshowApp/Info.plist;
				LD_RUNPATH_SEARCH_PATHS = "$(inherited) @executable_path/Frameworks";
				PRODUCT_BUNDLE_IDENTIFIER = jp.techacademy.takahiro.kawakami.SlideshowApp;
				PRODUCT_NAME = "$(TARGET_NAME)";
			};
			name = Debug;
		};
		251A36411C7B419500999BA0 /* Release */ = {
			isa = XCBuildConfiguration;
			buildSettings = {
				ASSETCATALOG_COMPILER_APPICON_NAME = AppIcon;
				INFOPLIST_FILE = SlideshowApp/Info.plist;
				LD_RUNPATH_SEARCH_PATHS = "$(inherited) @executable_path/Frameworks";
				PRODUCT_BUNDLE_IDENTIFIER = jp.techacademy.takahiro.kawakami.SlideshowApp;
				PRODUCT_NAME = "$(TARGET_NAME)";
			};
			name = Release;
		};
/* End XCBuildConfiguration section */

/* Begin XCConfigurationList section */
		251A36281C7B419500999BA0 /* Build configuration list for PBXProject "SlideshowApp" */ = {
			isa = XCConfigurationList;
			buildConfigurations = (
				251A363D1C7B419500999BA0 /* Debug */,
				251A363E1C7B419500999BA0 /* Release */,
			);
			defaultConfigurationIsVisible = 0;
			defaultConfigurationName = Release;
		};
		251A363F1C7B419500999BA0 /* Build configuration list for PBXNativeTarget "SlideshowApp" */ = {
			isa = XCConfigurationList;
			buildConfigurations = (
				251A36401C7B419500999BA0 /* Debug */,
				251A36411C7B419500999BA0 /* Release */,
			);
			defaultConfigurationIsVisible = 0;
		};
/* End XCConfigurationList section */
	};
	rootObject = 251A36251C7B419500999BA0 /* Project object */;
}
